
Microsoft Visual Studio Solution File, Format Version 12.00
# Visual Studio Version 17
VisualStudioVersion = 17.11.35303.130
MinimumVisualStudioVersion = 10.0.40219.1
Project("{2150E333-8FDC-42A3-9474-1A3956D46DE8}") = "Task0", "Task0", "{65B12CFD-F3F8-4246-8912-1F4ECE0CCAC9}"
EndProject
Project("{9A19103F-16F7-4668-BE54-9A1E7A4F7556}") = "Tyuiu.ShindinDN.Sprint0.Task0.V0", "Tyuiu.ShindinDN.Sprint0.Task0.V0\Tyuiu.ShindinDN.Sprint0.Task0.V0.csproj", "{F013F12F-F7B7-4B38-BAD9-0B8757DAF33B}"
EndProject
Project("{2150E333-8FDC-42A3-9474-1A3956D46DE8}") = "Task1", "Task1", "{39A7F036-E641-4514-80B5-E50A478DF586}"
EndProject
Project("{9A19103F-16F7-4668-BE54-9A1E7A4F7556}") = "Tyuiu.ShindinDN.Sprint0.Task1.V0", "Tyuiu.ShindinDN.Sprint0.Task1.V0\Tyuiu.ShindinDN.Sprint0.Task1.V0.csproj", "{04FA9AC9-78F0-4876-8C53-4A8413D5DC6D}"
EndProject
Project("{2150E333-8FDC-42A3-9474-1A3956D46DE8}") = "Task2", "Task2", "{09936665-2ECB-4D43-ABE2-26821D301E0D}"
EndProject
Project("{9A19103F-16F7-4668-BE54-9A1E7A4F7556}") = "Tyuiu.ShindinDN.Sprint0.Task2.V0", "Tyuiu.ShindinDN.Sprint0.Task2.V0\Tyuiu.ShindinDN.Sprint0.Task2.V0.csproj", "{32878689-C7FA-4EC9-94FC-76D63E564A20}"
EndProject
Project("{9A19103F-16F7-4668-BE54-9A1E7A4F7556}") = "Tyuiu.ShindinDN.Sprint0.Task2.V0.Lib", "Tyuiu.ShindinDN.Sprint0.Task2.V0.Lib\Tyuiu.ShindinDN.Sprint0.Task2.V0.Lib.csproj", "{C6005FED-4B8F-47AF-9F48-914C9F95C228}"
EndProject
Project("{9A19103F-16F7-4668-BE54-9A1E7A4F7556}") = "Tyuiu.ShindinDN.Sprint0.Task2.V0.Test", "Tyuiu.ShindinDN.Sprint0.Task2.V0.Test\Tyuiu.ShindinDN.Sprint0.Task2.V0.Test.csproj", "{1F21D856-0300-44E2-936D-76CAF2CCD2F9}"
EndProject
Project("{2150E333-8FDC-42A3-9474-1A3956D46DE8}") = "Task3", "Task3", "{01CFFA10-43FE-4DB4-9370-965C1420962A}"
EndProject
Project("{FAE04EC0-301F-11D3-BF4B-00C04F79EFBC}") = "Tyuiu.ShindinDN.Sprint0.Task3.V0", "Tyuiu.ShindinDN.Sprint0.Task3.V0\Tyuiu.ShindinDN.Sprint0.Task3.V0.csproj", "{BD4E5C3B-7423-4026-A4AF-70CD7D277D98}"
EndProject
Project("{FAE04EC0-301F-11D3-BF4B-00C04F79EFBC}") = "Tyuiu.ShindinDN.Sprint0.Task3.V0.Lib", "Tyuiu.ShindinDN.Sprint0.Task3.V0.Lib\Tyuiu.ShindinDN.Sprint0.Task3.V0.Lib.csproj", "{1B31F73A-8AF0-4F91-B39E-C5096CEF956B}"
EndProject
Project("{FAE04EC0-301F-11D3-BF4B-00C04F79EFBC}") = "Tyuiu.ShindinDN.Sprint0.Task3.V0.Test", "Tyuiu.ShindinDN.Sprint0.Task3.V0.Test\Tyuiu.ShindinDN.Sprint0.Task3.V0.Test.csproj", "{C44218E1-4F61-4B25-BB25-5EF325CB486D}"
EndProject
Project("{2150E333-8FDC-42A3-9474-1A3956D46DE8}") = "Task4", "Task4", "{4881F955-A616-4D83-A9F3-EAD763592EA4}"
EndProject
Project("{FAE04EC0-301F-11D3-BF4B-00C04F79EFBC}") = "Tyuiu.ShindinDN.Sprint0.Task4.V0", "Tyuiu.ShindinDN.Sprint0.Task4.V0\Tyuiu.ShindinDN.Sprint0.Task4.V0.csproj", "{B8CCFCE1-51E9-45A4-86DC-7DB48AF0F999}"
EndProject
Project("{FAE04EC0-301F-11D3-BF4B-00C04F79EFBC}") = "Tyuiu.ShindinDN.Sprint0.Task4.V0.Lib", "Tyuiu.ShindinDN.Sprint0.Task4.V0.Lib\Tyuiu.ShindinDN.Sprint0.Task4.V0.Lib.csproj", "{1C8D614B-E17F-4984-91F7-FBE9B0D827E8}"
EndProject
Project("{FAE04EC0-301F-11D3-BF4B-00C04F79EFBC}") = "Tyuiu.ShindinDN.Sprint0.Task4.V0.Test", "Tyuiu.ShindinDN.Sprint0.Task4.V0.Test\Tyuiu.ShindinDN.Sprint0.Task4.V0.Test.csproj", "{6EBD50EE-D109-47EC-93CC-39F6C0F25406}"
EndProject
Project("{2150E333-8FDC-42A3-9474-1A3956D46DE8}") = "Task5", "Task5", "{D6ED68D0-A3B2-4016-B64B-3720F8A207C1}"
EndProject
Project("{FAE04EC0-301F-11D3-BF4B-00C04F79EFBC}") = "Tyuiu.ShindinDN.Sprint0.Task5.V0", "Tyuiu.ShindinDN.Sprint0.Task5.V0\Tyuiu.ShindinDN.Sprint0.Task5.V0.csproj", "{F2D636F5-3EC9-44F0-AB81-A96231FCB8F0}"
EndProject
Project("{FAE04EC0-301F-11D3-BF4B-00C04F79EFBC}") = "Tyuiu.ShindinDN.Sprint0.Task5.V0.Lib", "Tyuiu.ShindinDN.Sprint0.Task5.V0.Lib\Tyuiu.ShindinDN.Sprint0.Task5.V0.Lib.csproj", "{A10F2AAA-4BA9-454F-A61F-A327EA873CC5}"
EndProject
Project("{FAE04EC0-301F-11D3-BF4B-00C04F79EFBC}") = "Tyuiu.ShindinDN.Sprint0.Task5.V0.Test", "Tyuiu.ShindinDN.Sprint0.Task5.V0.Test\Tyuiu.ShindinDN.Sprint0.Task5.V0.Test.csproj", "{9D8577C1-EFF8-41EF-85F2-4A7F25F9B409}"
EndProject
Global
	GlobalSection(SolutionConfigurationPlatforms) = preSolution
		Debug|Any CPU = Debug|Any CPU
		Release|Any CPU = Release|Any CPU
	EndGlobalSection
	GlobalSection(ProjectConfigurationPlatforms) = postSolution
		{F013F12F-F7B7-4B38-BAD9-0B8757DAF33B}.Debug|Any CPU.ActiveCfg = Debug|Any CPU
		{F013F12F-F7B7-4B38-BAD9-0B8757DAF33B}.Debug|Any CPU.Build.0 = Debug|Any CPU
		{F013F12F-F7B7-4B38-BAD9-0B8757DAF33B}.Release|Any CPU.ActiveCfg = Release|Any CPU
		{F013F12F-F7B7-4B38-BAD9-0B8757DAF33B}.Release|Any CPU.Build.0 = Release|Any CPU
		{04FA9AC9-78F0-4876-8C53-4A8413D5DC6D}.Debug|Any CPU.ActiveCfg = Debug|Any CPU
		{04FA9AC9-78F0-4876-8C53-4A8413D5DC6D}.Debug|Any CPU.Build.0 = Debug|Any CPU
		{04FA9AC9-78F0-4876-8C53-4A8413D5DC6D}.Release|Any CPU.ActiveCfg = Release|Any CPU
		{04FA9AC9-78F0-4876-8C53-4A8413D5DC6D}.Release|Any CPU.Build.0 = Release|Any CPU
		{32878689-C7FA-4EC9-94FC-76D63E564A20}.Debug|Any CPU.ActiveCfg = Debug|Any CPU
		{32878689-C7FA-4EC9-94FC-76D63E564A20}.Debug|Any CPU.Build.0 = Debug|Any CPU
		{32878689-C7FA-4EC9-94FC-76D63E564A20}.Release|Any CPU.ActiveCfg = Release|Any CPU
		{32878689-C7FA-4EC9-94FC-76D63E564A20}.Release|Any CPU.Build.0 = Release|Any CPU
		{C6005FED-4B8F-47AF-9F48-914C9F95C228}.Debug|Any CPU.ActiveCfg = Debug|Any CPU
		{C6005FED-4B8F-47AF-9F48-914C9F95C228}.Debug|Any CPU.Build.0 = Debug|Any CPU
		{C6005FED-4B8F-47AF-9F48-914C9F95C228}.Release|Any CPU.ActiveCfg = Release|Any CPU
		{C6005FED-4B8F-47AF-9F48-914C9F95C228}.Release|Any CPU.Build.0 = Release|Any CPU
		{1F21D856-0300-44E2-936D-76CAF2CCD2F9}.Debug|Any CPU.ActiveCfg = Debug|Any CPU
		{1F21D856-0300-44E2-936D-76CAF2CCD2F9}.Debug|Any CPU.Build.0 = Debug|Any CPU
		{1F21D856-0300-44E2-936D-76CAF2CCD2F9}.Release|Any CPU.ActiveCfg = Release|Any CPU
		{1F21D856-0300-44E2-936D-76CAF2CCD2F9}.Release|Any CPU.Build.0 = Release|Any CPU
		{BD4E5C3B-7423-4026-A4AF-70CD7D277D98}.Debug|Any CPU.ActiveCfg = Debug|Any CPU
		{BD4E5C3B-7423-4026-A4AF-70CD7D277D98}.Debug|Any CPU.Build.0 = Debug|Any CPU
		{BD4E5C3B-7423-4026-A4AF-70CD7D277D98}.Release|Any CPU.ActiveCfg = Release|Any CPU
		{BD4E5C3B-7423-4026-A4AF-70CD7D277D98}.Release|Any CPU.Build.0 = Release|Any CPU
		{1B31F73A-8AF0-4F91-B39E-C5096CEF956B}.Debug|Any CPU.ActiveCfg = Debug|Any CPU
		{1B31F73A-8AF0-4F91-B39E-C5096CEF956B}.Debug|Any CPU.Build.0 = Debug|Any CPU
		{1B31F73A-8AF0-4F91-B39E-C5096CEF956B}.Release|Any CPU.ActiveCfg = Release|Any CPU
		{1B31F73A-8AF0-4F91-B39E-C5096CEF956B}.Release|Any CPU.Build.0 = Release|Any CPU
		{C44218E1-4F61-4B25-BB25-5EF325CB486D}.Debug|Any CPU.ActiveCfg = Debug|Any CPU
		{C44218E1-4F61-4B25-BB25-5EF325CB486D}.Debug|Any CPU.Build.0 = Debug|Any CPU
		{C44218E1-4F61-4B25-BB25-5EF325CB486D}.Release|Any CPU.ActiveCfg = Release|Any CPU
		{C44218E1-4F61-4B25-BB25-5EF325CB486D}.Release|Any CPU.Build.0 = Release|Any CPU
		{B8CCFCE1-51E9-45A4-86DC-7DB48AF0F999}.Debug|Any CPU.ActiveCfg = Debug|Any CPU
		{B8CCFCE1-51E9-45A4-86DC-7DB48AF0F999}.Debug|Any CPU.Build.0 = Debug|Any CPU
		{B8CCFCE1-51E9-45A4-86DC-7DB48AF0F999}.Release|Any CPU.ActiveCfg = Release|Any CPU
		{B8CCFCE1-51E9-45A4-86DC-7DB48AF0F999}.Release|Any CPU.Build.0 = Release|Any CPU
		{1C8D614B-E17F-4984-91F7-FBE9B0D827E8}.Debug|Any CPU.ActiveCfg = Debug|Any CPU
		{1C8D614B-E17F-4984-91F7-FBE9B0D827E8}.Debug|Any CPU.Build.0 = Debug|Any CPU
		{1C8D614B-E17F-4984-91F7-FBE9B0D827E8}.Release|Any CPU.ActiveCfg = Release|Any CPU
		{1C8D614B-E17F-4984-91F7-FBE9B0D827E8}.Release|Any CPU.Build.0 = Release|Any CPU
		{6EBD50EE-D109-47EC-93CC-39F6C0F25406}.Debug|Any CPU.ActiveCfg = Debug|Any CPU
		{6EBD50EE-D109-47EC-93CC-39F6C0F25406}.Debug|Any CPU.Build.0 = Debug|Any CPU
		{6EBD50EE-D109-47EC-93CC-39F6C0F25406}.Release|Any CPU.ActiveCfg = Release|Any CPU
		{6EBD50EE-D109-47EC-93CC-39F6C0F25406}.Release|Any CPU.Build.0 = Release|Any CPU
		{F2D636F5-3EC9-44F0-AB81-A96231FCB8F0}.Debug|Any CPU.ActiveCfg = Debug|Any CPU
		{F2D636F5-3EC9-44F0-AB81-A96231FCB8F0}.Debug|Any CPU.Build.0 = Debug|Any CPU
		{F2D636F5-3EC9-44F0-AB81-A96231FCB8F0}.Release|Any CPU.ActiveCfg = Release|Any CPU
		{F2D636F5-3EC9-44F0-AB81-A96231FCB8F0}.Release|Any CPU.Build.0 = Release|Any CPU
		{A10F2AAA-4BA9-454F-A61F-A327EA873CC5}.Debug|Any CPU.ActiveCfg = Debug|Any CPU
		{A10F2AAA-4BA9-454F-A61F-A327EA873CC5}.Debug|Any CPU.Build.0 = Debug|Any CPU
		{A10F2AAA-4BA9-454F-A61F-A327EA873CC5}.Release|Any CPU.ActiveCfg = Release|Any CPU
		{A10F2AAA-4BA9-454F-A61F-A327EA873CC5}.Release|Any CPU.Build.0 = Release|Any CPU
		{9D8577C1-EFF8-41EF-85F2-4A7F25F9B409}.Debug|Any CPU.ActiveCfg = Debug|Any CPU
		{9D8577C1-EFF8-41EF-85F2-4A7F25F9B409}.Debug|Any CPU.Build.0 = Debug|Any CPU
		{9D8577C1-EFF8-41EF-85F2-4A7F25F9B409}.Release|Any CPU.ActiveCfg = Release|Any CPU
		{9D8577C1-EFF8-41EF-85F2-4A7F25F9B409}.Release|Any CPU.Build.0 = Release|Any CPU
	EndGlobalSection
	GlobalSection(SolutionProperties) = preSolution
		HideSolutionNode = FALSE
	EndGlobalSection
	GlobalSection(NestedProjects) = preSolution
		{F013F12F-F7B7-4B38-BAD9-0B8757DAF33B} = {65B12CFD-F3F8-4246-8912-1F4ECE0CCAC9}
		{04FA9AC9-78F0-4876-8C53-4A8413D5DC6D} = {39A7F036-E641-4514-80B5-E50A478DF586}
		{32878689-C7FA-4EC9-94FC-76D63E564A20} = {09936665-2ECB-4D43-ABE2-26821D301E0D}
		{C6005FED-4B8F-47AF-9F48-914C9F95C228} = {09936665-2ECB-4D43-ABE2-26821D301E0D}
		{1F21D856-0300-44E2-936D-76CAF2CCD2F9} = {09936665-2ECB-4D43-ABE2-26821D301E0D}
		{BD4E5C3B-7423-4026-A4AF-70CD7D277D98} = {01CFFA10-43FE-4DB4-9370-965C1420962A}
		{1B31F73A-8AF0-4F91-B39E-C5096CEF956B} = {01CFFA10-43FE-4DB4-9370-965C1420962A}
		{C44218E1-4F61-4B25-BB25-5EF325CB486D} = {01CFFA10-43FE-4DB4-9370-965C1420962A}
		{B8CCFCE1-51E9-45A4-86DC-7DB48AF0F999} = {4881F955-A616-4D83-A9F3-EAD763592EA4}
		{1C8D614B-E17F-4984-91F7-FBE9B0D827E8} = {4881F955-A616-4D83-A9F3-EAD763592EA4}
		{6EBD50EE-D109-47EC-93CC-39F6C0F25406} = {4881F955-A616-4D83-A9F3-EAD763592EA4}
		{F2D636F5-3EC9-44F0-AB81-A96231FCB8F0} = {D6ED68D0-A3B2-4016-B64B-3720F8A207C1}
		{A10F2AAA-4BA9-454F-A61F-A327EA873CC5} = {D6ED68D0-A3B2-4016-B64B-3720F8A207C1}
		{9D8577C1-EFF8-41EF-85F2-4A7F25F9B409} = {D6ED68D0-A3B2-4016-B64B-3720F8A207C1}
	EndGlobalSection
	GlobalSection(ExtensibilityGlobals) = postSolution
		SolutionGuid = {F091B18C-CFED-4486-A6D3-7E0EFCA9D045}
	EndGlobalSection
EndGlobal
